// !$*UTF8*$!
{
	archiveVersion = 1;
	classes = {
	};
	objectVersion = 46;
	objects = {

/* Begin PBXBuildFile section */
		856E59C21E461F6F00CA316B /* libcocos2d-ios.a in Frameworks */ = {isa = PBXBuildFile; fileRef = 856E59C11E461F6F00CA316B /* libcocos2d-ios.a */; };
		856E59C81E4620AB00CA316B /* libz.1.2.8.tbd in Frameworks */ = {isa = PBXBuildFile; fileRef = 856E59C71E4620AB00CA316B /* libz.1.2.8.tbd */; };
		856E59CA1E4620E500CA316B /* libiconv.2.4.0.tbd in Frameworks */ = {isa = PBXBuildFile; fileRef = 856E59C91E4620E500CA316B /* libiconv.2.4.0.tbd */; };
		856E59CC1E46211900CA316B /* AudioToolbox.framework in Frameworks */ = {isa = PBXBuildFile; fileRef = 856E59CB1E46211900CA316B /* AudioToolbox.framework */; };
		856E59CE1E46213B00CA316B /* CoreMotion.framework in Frameworks */ = {isa = PBXBuildFile; fileRef = 856E59CD1E46213B00CA316B /* CoreMotion.framework */; };
		856E59D31E46233F00CA316B /* rsrc in Resources */ = {isa = PBXBuildFile; fileRef = 856E59D21E46233F00CA316B /* rsrc */; };
		856E59D51E46261B00CA316B /* config in Resources */ = {isa = PBXBuildFile; fileRef = 856E59D41E46261B00CA316B /* config */; };
		8571029E1E460789009CF6A5 /* main.m in Sources */ = {isa = PBXBuildFile; fileRef = 8571029D1E460789009CF6A5 /* main.m */; };
		857102A11E460789009CF6A5 /* AppController.mm in Sources */ = {isa = PBXBuildFile; fileRef = 857102A01E460789009CF6A5 /* AppController.mm */; };
		857102A41E460789009CF6A5 /* RootViewController.mm in Sources */ = {isa = PBXBuildFile; fileRef = 857102A31E460789009CF6A5 /* RootViewController.mm */; };
		857102A91E460789009CF6A5 /* Assets.xcassets in Resources */ = {isa = PBXBuildFile; fileRef = 857102A81E460789009CF6A5 /* Assets.xcassets */; };
		857102C31E461021009CF6A5 /* libGameLib.a in Frameworks */ = {isa = PBXBuildFile; fileRef = 857102BC1E460B55009CF6A5 /* libGameLib.a */; };
/* End PBXBuildFile section */

/* Begin PBXContainerItemProxy section */
		857102BB1E460B55009CF6A5 /* PBXContainerItemProxy */ = {
			isa = PBXContainerItemProxy;
			containerPortal = 857102B51E460B54009CF6A5 /* GameLib.xcodeproj */;
			proxyType = 2;
			remoteGlobalIDString = 41EA1F82CEFD415AB9444A68;
			remoteInfo = GameLib;
		};
/* End PBXContainerItemProxy section */

/* Begin PBXFileReference section */
		856E59C11E461F6F00CA316B /* libcocos2d-ios.a */ = {isa = PBXFileReference; lastKnownFileType = archive.ar; name = "libcocos2d-ios.a"; path = "../../../external/libcocos2d-ios.a"; sourceTree = "<group>"; };
		856E59C71E4620AB00CA316B /* libz.1.2.8.tbd */ = {isa = PBXFileReference; lastKnownFileType = "sourcecode.text-based-dylib-definition"; name = libz.1.2.8.tbd; path = usr/lib/libz.1.2.8.tbd; sourceTree = SDKROOT; };
		856E59C91E4620E500CA316B /* libiconv.2.4.0.tbd */ = {isa = PBXFileReference; lastKnownFileType = "sourcecode.text-based-dylib-definition"; name = libiconv.2.4.0.tbd; path = usr/lib/libiconv.2.4.0.tbd; sourceTree = SDKROOT; };
		856E59CB1E46211900CA316B /* AudioToolbox.framework */ = {isa = PBXFileReference; lastKnownFileType = wrapper.framework; name = AudioToolbox.framework; path = System/Library/Frameworks/AudioToolbox.framework; sourceTree = SDKROOT; };
		856E59CD1E46213B00CA316B /* CoreMotion.framework */ = {isa = PBXFileReference; lastKnownFileType = wrapper.framework; name = CoreMotion.framework; path = System/Library/Frameworks/CoreMotion.framework; sourceTree = SDKROOT; };
		856E59D21E46233F00CA316B /* rsrc */ = {isa = PBXFileReference; lastKnownFileType = folder; name = rsrc; path = ../../../rsrc; sourceTree = "<group>"; };
		856E59D41E46261B00CA316B /* config */ = {isa = PBXFileReference; lastKnownFileType = folder; name = config; path = ../../../config; sourceTree = "<group>"; };
		857102991E460789009CF6A5 /* Runner.app */ = {isa = PBXFileReference; explicitFileType = wrapper.application; includeInIndex = 0; path = Runner.app; sourceTree = BUILT_PRODUCTS_DIR; };
		8571029D1E460789009CF6A5 /* main.m */ = {isa = PBXFileReference; lastKnownFileType = sourcecode.c.objc; path = main.m; sourceTree = "<group>"; };
		8571029F1E460789009CF6A5 /* AppController.h */ = {isa = PBXFileReference; lastKnownFileType = sourcecode.c.h; path = AppController.h; sourceTree = "<group>"; };
		857102A01E460789009CF6A5 /* AppController.mm */ = {isa = PBXFileReference; lastKnownFileType = sourcecode.cpp.objcpp; path = AppController.mm; sourceTree = "<group>"; };
		857102A21E460789009CF6A5 /* RootViewController.h */ = {isa = PBXFileReference; lastKnownFileType = sourcecode.c.h; path = RootViewController.h; sourceTree = "<group>"; };
		857102A31E460789009CF6A5 /* RootViewController.mm */ = {isa = PBXFileReference; lastKnownFileType = sourcecode.cpp.objcpp; path = RootViewController.mm; sourceTree = "<group>"; };
		857102A81E460789009CF6A5 /* Assets.xcassets */ = {isa = PBXFileReference; lastKnownFileType = folder.assetcatalog; path = Assets.xcassets; sourceTree = "<group>"; };
		857102AD1E460789009CF6A5 /* Info.plist */ = {isa = PBXFileReference; lastKnownFileType = text.plist.xml; path = Info.plist; sourceTree = "<group>"; };
		857102B51E460B54009CF6A5 /* GameLib.xcodeproj */ = {isa = PBXFileReference; lastKnownFileType = "wrapper.pb-project"; name = GameLib.xcodeproj; path = ../../../build/GameLib.xcodeproj; sourceTree = "<group>"; };
/* End PBXFileReference section */

/* Begin PBXFrameworksBuildPhase section */
		857102961E460789009CF6A5 /* Frameworks */ = {
			isa = PBXFrameworksBuildPhase;
			buildActionMask = 2147483647;
			files = (
				856E59CE1E46213B00CA316B /* CoreMotion.framework in Frameworks */,
				856E59CC1E46211900CA316B /* AudioToolbox.framework in Frameworks */,
				856E59CA1E4620E500CA316B /* libiconv.2.4.0.tbd in Frameworks */,
				856E59C81E4620AB00CA316B /* libz.1.2.8.tbd in Frameworks */,
				856E59C21E461F6F00CA316B /* libcocos2d-ios.a in Frameworks */,
				857102C31E461021009CF6A5 /* libGameLib.a in Frameworks */,
			);
			runOnlyForDeploymentPostprocessing = 0;
		};
/* End PBXFrameworksBuildPhase section */

/* Begin PBXGroup section */
		856E59C01E461F6E00CA316B /* Frameworks */ = {
			isa = PBXGroup;
			children = (
				856E59CD1E46213B00CA316B /* CoreMotion.framework */,
				856E59CB1E46211900CA316B /* AudioToolbox.framework */,
				856E59C91E4620E500CA316B /* libiconv.2.4.0.tbd */,
				856E59C71E4620AB00CA316B /* libz.1.2.8.tbd */,
				856E59C11E461F6F00CA316B /* libcocos2d-ios.a */,
			);
			name = Frameworks;
			sourceTree = "<group>";
		};
		857102901E460789009CF6A5 = {
			isa = PBXGroup;
			children = (
				856E59D41E46261B00CA316B /* config */,
				856E59D21E46233F00CA316B /* rsrc */,
				857102B51E460B54009CF6A5 /* GameLib.xcodeproj */,
				8571029B1E460789009CF6A5 /* Runner */,
				8571029A1E460789009CF6A5 /* Products */,
				856E59C01E461F6E00CA316B /* Frameworks */,
			);
			sourceTree = "<group>";
		};
		8571029A1E460789009CF6A5 /* Products */ = {
			isa = PBXGroup;
			children = (
				857102991E460789009CF6A5 /* Runner.app */,
			);
			name = Products;
			sourceTree = "<group>";
		};
		8571029B1E460789009CF6A5 /* Runner */ = {
			isa = PBXGroup;
			children = (
				8571029F1E460789009CF6A5 /* AppController.h */,
				857102A01E460789009CF6A5 /* AppController.mm */,
				857102A21E460789009CF6A5 /* RootViewController.h */,
				857102A31E460789009CF6A5 /* RootViewController.mm */,
				857102A81E460789009CF6A5 /* Assets.xcassets */,
				857102AD1E460789009CF6A5 /* Info.plist */,
				8571029C1E460789009CF6A5 /* Supporting Files */,
			);
			path = Runner;
			sourceTree = "<group>";
		};
		8571029C1E460789009CF6A5 /* Supporting Files */ = {
			isa = PBXGroup;
			children = (
				8571029D1E460789009CF6A5 /* main.m */,
			);
			name = "Supporting Files";
			sourceTree = "<group>";
		};
		857102B61E460B54009CF6A5 /* Products */ = {
			isa = PBXGroup;
			children = (
				857102BC1E460B55009CF6A5 /* libGameLib.a */,
			);
			name = Products;
			sourceTree = "<group>";
		};
/* End PBXGroup section */

/* Begin PBXNativeTarget section */
		857102981E460789009CF6A5 /* Runner */ = {
			isa = PBXNativeTarget;
			buildConfigurationList = 857102B01E460789009CF6A5 /* Build configuration list for PBXNativeTarget "Runner" */;
			buildPhases = (
				857102951E460789009CF6A5 /* Sources */,
				857102961E460789009CF6A5 /* Frameworks */,
				857102971E460789009CF6A5 /* Resources */,
			);
			buildRules = (
			);
			dependencies = (
			);
			name = Runner;
			productName = Runner;
			productReference = 857102991E460789009CF6A5 /* Runner.app */;
			productType = "com.apple.product-type.application";
		};
/* End PBXNativeTarget section */

/* Begin PBXProject section */
		857102911E460789009CF6A5 /* Project object */ = {
			isa = PBXProject;
			attributes = {
				LastUpgradeCheck = 0820;
				ORGANIZATIONNAME = Luda;
				TargetAttributes = {
					857102981E460789009CF6A5 = {
						CreatedOnToolsVersion = 8.2.1;
						DevelopmentTeam = 279FQ8VGLJ;
						ProvisioningStyle = Automatic;
					};
				};
			};
			buildConfigurationList = 857102941E460789009CF6A5 /* Build configuration list for PBXProject "Runner" */;
			compatibilityVersion = "Xcode 3.2";
			developmentRegion = English;
			hasScannedForEncodings = 0;
			knownRegions = (
				en,
				Base,
			);
			mainGroup = 857102901E460789009CF6A5;
			productRefGroup = 8571029A1E460789009CF6A5 /* Products */;
			projectDirPath = "";
			projectReferences = (
				{
					ProductGroup = 857102B61E460B54009CF6A5 /* Products */;
					ProjectRef = 857102B51E460B54009CF6A5 /* GameLib.xcodeproj */;
				},
			);
			projectRoot = "";
			targets = (
				857102981E460789009CF6A5 /* Runner */,
			);
		};
/* End PBXProject section */

/* Begin PBXReferenceProxy section */
		857102BC1E460B55009CF6A5 /* libGameLib.a */ = {
			isa = PBXReferenceProxy;
			fileType = archive.ar;
			path = libGameLib.a;
			remoteRef = 857102BB1E460B55009CF6A5 /* PBXContainerItemProxy */;
			sourceTree = BUILT_PRODUCTS_DIR;
		};
/* End PBXReferenceProxy section */

/* Begin PBXResourcesBuildPhase section */
		857102971E460789009CF6A5 /* Resources */ = {
			isa = PBXResourcesBuildPhase;
			buildActionMask = 2147483647;
			files = (
				856E59D31E46233F00CA316B /* rsrc in Resources */,
				856E59D51E46261B00CA316B /* config in Resources */,
				857102A91E460789009CF6A5 /* Assets.xcassets in Resources */,
			);
			runOnlyForDeploymentPostprocessing = 0;
		};
/* End PBXResourcesBuildPhase section */

/* Begin PBXSourcesBuildPhase section */
		857102951E460789009CF6A5 /* Sources */ = {
			isa = PBXSourcesBuildPhase;
			buildActionMask = 2147483647;
			files = (
				857102A41E460789009CF6A5 /* RootViewController.mm in Sources */,
				857102A11E460789009CF6A5 /* AppController.mm in Sources */,
				8571029E1E460789009CF6A5 /* main.m in Sources */,
			);
			runOnlyForDeploymentPostprocessing = 0;
		};
/* End PBXSourcesBuildPhase section */

/* Begin XCBuildConfiguration section */
		857102AE1E460789009CF6A5 /* Debug */ = {
			isa = XCBuildConfiguration;
			buildSettings = {
				ALWAYS_SEARCH_USER_PATHS = NO;
				CLANG_ANALYZER_NONNULL = YES;
				CLANG_CXX_LANGUAGE_STANDARD = "gnu++0x";
				CLANG_CXX_LIBRARY = "libc++";
				CLANG_ENABLE_MODULES = YES;
				CLANG_ENABLE_OBJC_ARC = NO;
				CLANG_WARN_BOOL_CONVERSION = YES;
				CLANG_WARN_CONSTANT_CONVERSION = YES;
				CLANG_WARN_DIRECT_OBJC_ISA_USAGE = YES_ERROR;
				CLANG_WARN_DOCUMENTATION_COMMENTS = YES;
				CLANG_WARN_EMPTY_BODY = YES;
				CLANG_WARN_ENUM_CONVERSION = YES;
				CLANG_WARN_INFINITE_RECURSION = YES;
				CLANG_WARN_INT_CONVERSION = YES;
				CLANG_WARN_OBJC_ROOT_CLASS = YES_ERROR;
				CLANG_WARN_SUSPICIOUS_MOVE = YES;
				CLANG_WARN_UNREACHABLE_CODE = YES;
				CLANG_WARN__DUPLICATE_METHOD_MATCH = YES;
				"CODE_SIGN_IDENTITY[sdk=iphoneos*]" = "iPhone Developer";
				COPY_PHASE_STRIP = NO;
				DEBUG_INFORMATION_FORMAT = dwarf;
				ENABLE_STRICT_OBJC_MSGSEND = YES;
				ENABLE_TESTABILITY = YES;
				GCC_C_LANGUAGE_STANDARD = gnu99;
				GCC_DYNAMIC_NO_PIC = NO;
				GCC_NO_COMMON_BLOCKS = YES;
				GCC_OPTIMIZATION_LEVEL = 0;
				GCC_PREPROCESSOR_DEFINITIONS = (
					"DEBUG=1",
					"$(inherited)",
				);
				GCC_WARN_64_TO_32_BIT_CONVERSION = YES;
				GCC_WARN_ABOUT_RETURN_TYPE = YES_ERROR;
				GCC_WARN_UNDECLARED_SELECTOR = YES;
				GCC_WARN_UNINITIALIZED_AUTOS = YES_AGGRESSIVE;
				GCC_WARN_UNUSED_FUNCTION = YES;
				GCC_WARN_UNUSED_VARIABLE = YES;
				IPHONEOS_DEPLOYMENT_TARGET = 10.2;
				MTL_ENABLE_DEBUG_INFO = YES;
				ONLY_ACTIVE_ARCH = YES;
				SDKROOT = iphoneos;
				TARGETED_DEVICE_FAMILY = "1,2";
			};
			name = Debug;
		};
		857102AF1E460789009CF6A5 /* Release */ = {
			isa = XCBuildConfiguration;
			buildSettings = {
				ALWAYS_SEARCH_USER_PATHS = NO;
				CLANG_ANALYZER_NONNULL = YES;
				CLANG_CXX_LANGUAGE_STANDARD = "gnu++0x";
				CLANG_CXX_LIBRARY = "libc++";
				CLANG_ENABLE_MODULES = YES;
				CLANG_ENABLE_OBJC_ARC = NO;
				CLANG_WARN_BOOL_CONVERSION = YES;
				CLANG_WARN_CONSTANT_CONVERSION = YES;
				CLANG_WARN_DIRECT_OBJC_ISA_USAGE = YES_ERROR;
				CLANG_WARN_DOCUMENTATION_COMMENTS = YES;
				CLANG_WARN_EMPTY_BODY = YES;
				CLANG_WARN_ENUM_CONVERSION = YES;
				CLANG_WARN_INFINITE_RECURSION = YES;
				CLANG_WARN_INT_CONVERSION = YES;
				CLANG_WARN_OBJC_ROOT_CLASS = YES_ERROR;
				CLANG_WARN_SUSPICIOUS_MOVE = YES;
				CLANG_WARN_UNREACHABLE_CODE = YES;
				CLANG_WARN__DUPLICATE_METHOD_MATCH = YES;
				"CODE_SIGN_IDENTITY[sdk=iphoneos*]" = "iPhone Developer";
				COPY_PHASE_STRIP = NO;
				DEBUG_INFORMATION_FORMAT = "dwarf-with-dsym";
				ENABLE_NS_ASSERTIONS = NO;
				ENABLE_STRICT_OBJC_MSGSEND = YES;
				GCC_C_LANGUAGE_STANDARD = gnu99;
				GCC_NO_COMMON_BLOCKS = YES;
				GCC_WARN_64_TO_32_BIT_CONVERSION = YES;
				GCC_WARN_ABOUT_RETURN_TYPE = YES_ERROR;
				GCC_WARN_UNDECLARED_SELECTOR = YES;
				GCC_WARN_UNINITIALIZED_AUTOS = YES_AGGRESSIVE;
				GCC_WARN_UNUSED_FUNCTION = YES;
				GCC_WARN_UNUSED_VARIABLE = YES;
				IPHONEOS_DEPLOYMENT_TARGET = 10.2;
				MTL_ENABLE_DEBUG_INFO = NO;
				SDKROOT = iphoneos;
				TARGETED_DEVICE_FAMILY = "1,2";
				VALIDATE_PRODUCT = YES;
			};
			name = Release;
		};
		857102B11E460789009CF6A5 /* Debug */ = {
			isa = XCBuildConfiguration;
			buildSettings = {
				ASSETCATALOG_COMPILER_APPICON_NAME = AppIcon;
				CLANG_ANALYZER_OBJC_RETAIN_COUNT = YES;
				DEVELOPMENT_TEAM = 279FQ8VGLJ;
				ENABLE_BITCODE = NO;
				HEADER_SEARCH_PATHS = (
					../../../src,
					"/Users/luda/Downloads/cocos2d-x-3.13.1/cocos",
				);
				INFOPLIST_FILE = Runner/Info.plist;
				IPHONEOS_DEPLOYMENT_TARGET = 9.0;
				LD_RUNPATH_SEARCH_PATHS = "$(inherited) @executable_path/Frameworks";
				LIBRARY_SEARCH_PATHS = ../../../external;
				OTHER_CODE_SIGN_FLAGS = "--deep";
				PRODUCT_BUNDLE_IDENTIFIER = luda.Runner;
				PRODUCT_NAME = "$(TARGET_NAME)";
				TARGETED_DEVICE_FAMILY = "1,2";
			};
			name = Debug;
		};
		857102B21E460789009CF6A5 /* Release */ = {
			isa = XCBuildConfiguration;
			buildSettings = {
				ASSETCATALOG_COMPILER_APPICON_NAME = AppIcon;
				CLANG_ANALYZER_OBJC_RETAIN_COUNT = YES;
				DEVELOPMENT_TEAM = 279FQ8VGLJ;
				ENABLE_BITCODE = NO;
				HEADER_SEARCH_PATHS = (
					../../../src,
					"/Users/luda/Downloads/cocos2d-x-3.13.1/cocos",
				);
				INFOPLIST_FILE = Runner/Info.plist;
				IPHONEOS_DEPLOYMENT_TARGET = 9.0;
				LD_RUNPATH_SEARCH_PATHS = "$(inherited) @executable_path/Frameworks";
				LIBRARY_SEARCH_PATHS = ../../../external;
				OTHER_CODE_SIGN_FLAGS = "--deep";
				PRODUCT_BUNDLE_IDENTIFIER = luda.Runner;
				PRODUCT_NAME = "$(TARGET_NAME)";
				TARGETED_DEVICE_FAMILY = "1,2";
			};
			name = Release;
		};
/* End XCBuildConfiguration section */

/* Begin XCConfigurationList section */
		857102941E460789009CF6A5 /* Build configuration list for PBXProject "Runner" */ = {
			isa = XCConfigurationList;
			buildConfigurations = (
				857102AE1E460789009CF6A5 /* Debug */,
				857102AF1E460789009CF6A5 /* Release */,
			);
			defaultConfigurationIsVisible = 0;
			defaultConfigurationName = Release;
		};
		857102B01E460789009CF6A5 /* Build configuration list for PBXNativeTarget "Runner" */ = {
			isa = XCConfigurationList;
			buildConfigurations = (
				857102B11E460789009CF6A5 /* Debug */,
				857102B21E460789009CF6A5 /* Release */,
			);
			defaultConfigurationIsVisible = 0;
			defaultConfigurationName = Release;
		};
/* End XCConfigurationList section */
	};
	rootObject = 857102911E460789009CF6A5 /* Project object */;
}
