<?xml version="1.0" encoding="utf-8"?>
<Project ToolsVersion="4.0" xmlns="http://schemas.microsoft.com/developer/msbuild/2003">
  <ItemGroup>
    <Filter Include="Resource Files">
      <UniqueIdentifier>{67DA6AB6-F800-4c08-8B7A-83BB121AAD01}</UniqueIdentifier>
      <Extensions>rc;ico;cur;bmp;dlg;rc2;rct;bin;rgs;gif;jpg;jpeg;jpe;resx;tiff;tif;png;wav;mfcribbon-ms</Extensions>
    </Filter>
    <Filter Include="win">
      <UniqueIdentifier>{68726011-3557-44ae-bb2f-ee8f58630487}</UniqueIdentifier>
    </Filter>
    <Filter Include="Classes">
      <UniqueIdentifier>{327fb294-6117-4668-9d42-49c5fe5676c3}</UniqueIdentifier>
    </Filter>
  </ItemGroup>
  <ItemGroup>
    <Text Include="ReadMe.txt" />
  </ItemGroup>
  <ItemGroup>
    <ClInclude Include="main.h">
      <Filter>win</Filter>
    </ClInclude>
    <ClInclude Include="Resource.h">
      <Filter>win</Filter>
    </ClInclude>
    <ClInclude Include="targetver.h">
      <Filter>win</Filter>
    </ClInclude>
    <ClInclude Include="Classes\AppDelegate.h">
      <Filter>Classes</Filter>
    </ClInclude>
    <ClInclude Include="Classes\TestScene.h">
      <Filter>Classes</Filter>
    </ClInclude>
    <ClInclude Include="Classes\MacroCreate.h">
      <Filter>Classes</Filter>
    </ClInclude>
    <ClInclude Include="Classes\GameWorld.h">
      <Filter>Classes</Filter>
    </ClInclude>
    <ClInclude Include="Classes\IGameObject.h">
      <Filter>Classes</Filter>
    </ClInclude>
    <ClInclude Include="Classes\SimpleGameObject.h">
      <Filter>Classes</Filter>
    </ClInclude>
    <ClInclude Include="Classes\GameObjectFactory.h">
      <Filter>Classes</Filter>
    </ClInclude>
    <ClInclude Include="Classes\Convert.h">
      <Filter>Classes</Filter>
    </ClInclude>
    <ClInclude Include="Classes\Environment.h">
      <Filter>Classes</Filter>
    </ClInclude>
  </ItemGroup>
  <ItemGroup>
    <ClCompile Include="main.cpp">
      <Filter>win</Filter>
    </ClCompile>
    <ClCompile Include="Classes\AppDelegate.cpp">
      <Filter>Classes</Filter>
    </ClCompile>
    <ClCompile Include="Classes\TestScene.cpp">
      <Filter>Classes</Filter>
    </ClCompile>
    <ClCompile Include="Classes\GameWorld.cpp">
      <Filter>Classes</Filter>
    </ClCompile>
    <ClCompile Include="Classes\SimpleGameObject.cpp">
      <Filter>Classes</Filter>
    </ClCompile>
    <ClCompile Include="Classes\GameObjectFactory.cpp">
      <Filter>Classes</Filter>
    </ClCompile>
    <ClCompile Include="Classes\Convert.cpp">
      <Filter>Classes</Filter>
    </ClCompile>
    <ClCompile Include="Classes\Environment.cpp">
      <Filter>Classes</Filter>
    </ClCompile>
  </ItemGroup>
  <ItemGroup>
    <ResourceCompile Include="Runner.rc">
      <Filter>Resource Files</Filter>
    </ResourceCompile>
  </ItemGroup>
  <ItemGroup>
    <Image Include="small.ico">
      <Filter>Resource Files</Filter>
    </Image>
    <Image Include="Runner.ico">
      <Filter>Resource Files</Filter>
    </Image>
  </ItemGroup>
</Project>